swagger: '2.0'
info:
  title: Block API - Retrieve All Blocks
  description: Endpoint to retrieve all blocks
  version: '1.0'
paths:
  /blocks:
    get:
      summary: Retrieve all blocks
      responses:
        '200':
          description: Successful response with a list of all blocks
          schema:
            type: array
            items:
              $ref: '#/definitions/Block'
definitions:
  Block:
    type: object
    properties:
      __class__:
        type: string
        example: Block
        id:
            type: string
            example: 0000000000000000000a2c7c2b6b8a8d7e1b1b3b2b1b1b1b1b1b1b1b1b1b1b1
        created_at:
            type: string
            example: 2020-04-20T20:21:00.000000Z
        updated_at:
            type: string
            example: 2020-04-20T20:21:00.000000Z
        name:
            type: string
            example: Block A
        description:
            type: string
            example: Block A description
        campus:
            type: string
            example: North Campus

